
Microsoft Visual Studio Solution File, Format Version 12.00
# Visual Studio 15
VisualStudioVersion = 15.0.28010.2016
MinimumVisualStudioVersion = 10.0.40219.1
Project("{FAE04EC0-301F-11D3-BF4B-00C04F79EFBC}") = "HW02", "HW02\HW02.csproj", "{CE512C3E-0664-4D25-8382-A557EFFD8052}"
EndProject
Project("{FAE04EC0-301F-11D3-BF4B-00C04F79EFBC}") = "HW02_B1", "HW02_B1\HW02_B1.csproj", "{61AB0731-E1A1-42E5-B0B5-FC0F098EFD3C}"
EndProject
Project("{FAE04EC0-301F-11D3-BF4B-00C04F79EFBC}") = "HW02_B2", "HW02_B2\HW02_B2.csproj", "{40DB91F1-1A0F-49E6-AB86-E7EA2DF8C828}"
EndProject
Project("{FAE04EC0-301F-11D3-BF4B-00C04F79EFBC}") = "HW02_B3", "HW02_B3\HW02_B3.csproj", "{83803D60-0E14-4F9C-A8A1-9EFDCDED1E30}"
EndProject
Project("{FAE04EC0-301F-11D3-BF4B-00C04F79EFBC}") = "HW02_C1.1", "HW02_C1.1\HW02_C1.1.csproj", "{A8D2ABE5-DFA0-44BA-84AE-0E9CC90515E7}"
EndProject
Project("{FAE04EC0-301F-11D3-BF4B-00C04F79EFBC}") = "HW02_C1.2", "HW02_C1.2\HW02_C1.2.csproj", "{B903C692-C97F-49B8-9607-035295CC0D38}"
EndProject
Project("{FAE04EC0-301F-11D3-BF4B-00C04F79EFBC}") = "HW02_C1.3", "HW02_C1.3\HW02_C1.3.csproj", "{3D102916-364B-4046-B105-71510AE235AA}"
EndProject
Project("{FAE04EC0-301F-11D3-BF4B-00C04F79EFBC}") = "HW02_C1.4", "HW02_C1.4\HW02_C1.4.csproj", "{BCC73694-7E91-4169-99CF-92AB2F711928}"
EndProject
Project("{FAE04EC0-301F-11D3-BF4B-00C04F79EFBC}") = "HW02_C1.5", "HW02_C1.5\HW02_C1.5.csproj", "{EC1D250A-EE27-48B9-A9A2-A7E3FE674AC8}"
EndProject
Project("{FAE04EC0-301F-11D3-BF4B-00C04F79EFBC}") = "HW02_C1.6", "HW02_C1.6\HW02_C1.6.csproj", "{A83981EF-BE5D-48AC-A8EB-06D04221FDA1}"
EndProject
Project("{FAE04EC0-301F-11D3-BF4B-00C04F79EFBC}") = "HW02_C1.7", "HW02_C1.7\HW02_C1.7.csproj", "{7E3B8C3C-7A3C-4B80-BF32-9402CC5915DA}"
EndProject
Project("{FAE04EC0-301F-11D3-BF4B-00C04F79EFBC}") = "HW02_C2.8", "HW02_C2.8\HW02_C2.8.csproj", "{FB6F4684-75DF-4C9A-8EAF-2DB74B948D86}"
EndProject
Project("{FAE04EC0-301F-11D3-BF4B-00C04F79EFBC}") = "HW02_C3.11", "HW02_C3.11\HW02_C3.11.csproj", "{352FE68F-F943-429A-8BF5-3102405589CC}"
EndProject
Project("{FAE04EC0-301F-11D3-BF4B-00C04F79EFBC}") = "HW02_C3.12", "HW02_C3.12\HW02_C3.12.csproj", "{5F4BA6A8-FB0E-4320-BEFD-716D810F59CF}"
EndProject
Project("{FAE04EC0-301F-11D3-BF4B-00C04F79EFBC}") = "HW02_D1", "HW02_D1\HW02_D1.csproj", "{557F3FF7-A3B4-4CBE-B65F-9C113C27C64B}"
EndProject
Global
	GlobalSection(SolutionConfigurationPlatforms) = preSolution
		Debug|Any CPU = Debug|Any CPU
		Release|Any CPU = Release|Any CPU
	EndGlobalSection
	GlobalSection(ProjectConfigurationPlatforms) = postSolution
		{CE512C3E-0664-4D25-8382-A557EFFD8052}.Debug|Any CPU.ActiveCfg = Debug|Any CPU
		{CE512C3E-0664-4D25-8382-A557EFFD8052}.Debug|Any CPU.Build.0 = Debug|Any CPU
		{CE512C3E-0664-4D25-8382-A557EFFD8052}.Release|Any CPU.ActiveCfg = Release|Any CPU
		{CE512C3E-0664-4D25-8382-A557EFFD8052}.Release|Any CPU.Build.0 = Release|Any CPU
		{61AB0731-E1A1-42E5-B0B5-FC0F098EFD3C}.Debug|Any CPU.ActiveCfg = Debug|Any CPU
		{61AB0731-E1A1-42E5-B0B5-FC0F098EFD3C}.Debug|Any CPU.Build.0 = Debug|Any CPU
		{61AB0731-E1A1-42E5-B0B5-FC0F098EFD3C}.Release|Any CPU.ActiveCfg = Release|Any CPU
		{61AB0731-E1A1-42E5-B0B5-FC0F098EFD3C}.Release|Any CPU.Build.0 = Release|Any CPU
		{40DB91F1-1A0F-49E6-AB86-E7EA2DF8C828}.Debug|Any CPU.ActiveCfg = Debug|Any CPU
		{40DB91F1-1A0F-49E6-AB86-E7EA2DF8C828}.Debug|Any CPU.Build.0 = Debug|Any CPU
		{40DB91F1-1A0F-49E6-AB86-E7EA2DF8C828}.Release|Any CPU.ActiveCfg = Release|Any CPU
		{40DB91F1-1A0F-49E6-AB86-E7EA2DF8C828}.Release|Any CPU.Build.0 = Release|Any CPU
		{83803D60-0E14-4F9C-A8A1-9EFDCDED1E30}.Debug|Any CPU.ActiveCfg = Debug|Any CPU
		{83803D60-0E14-4F9C-A8A1-9EFDCDED1E30}.Debug|Any CPU.Build.0 = Debug|Any CPU
		{83803D60-0E14-4F9C-A8A1-9EFDCDED1E30}.Release|Any CPU.ActiveCfg = Release|Any CPU
		{83803D60-0E14-4F9C-A8A1-9EFDCDED1E30}.Release|Any CPU.Build.0 = Release|Any CPU
		{A8D2ABE5-DFA0-44BA-84AE-0E9CC90515E7}.Debug|Any CPU.ActiveCfg = Debug|Any CPU
		{A8D2ABE5-DFA0-44BA-84AE-0E9CC90515E7}.Debug|Any CPU.Build.0 = Debug|Any CPU
		{A8D2ABE5-DFA0-44BA-84AE-0E9CC90515E7}.Release|Any CPU.ActiveCfg = Release|Any CPU
		{A8D2ABE5-DFA0-44BA-84AE-0E9CC90515E7}.Release|Any CPU.Build.0 = Release|Any CPU
		{B903C692-C97F-49B8-9607-035295CC0D38}.Debug|Any CPU.ActiveCfg = Debug|Any CPU
		{B903C692-C97F-49B8-9607-035295CC0D38}.Debug|Any CPU.Build.0 = Debug|Any CPU
		{B903C692-C97F-49B8-9607-035295CC0D38}.Release|Any CPU.ActiveCfg = Release|Any CPU
		{B903C692-C97F-49B8-9607-035295CC0D38}.Release|Any CPU.Build.0 = Release|Any CPU
		{3D102916-364B-4046-B105-71510AE235AA}.Debug|Any CPU.ActiveCfg = Debug|Any CPU
		{3D102916-364B-4046-B105-71510AE235AA}.Debug|Any CPU.Build.0 = Debug|Any CPU
		{3D102916-364B-4046-B105-71510AE235AA}.Release|Any CPU.ActiveCfg = Release|Any CPU
		{3D102916-364B-4046-B105-71510AE235AA}.Release|Any CPU.Build.0 = Release|Any CPU
		{BCC73694-7E91-4169-99CF-92AB2F711928}.Debug|Any CPU.ActiveCfg = Debug|Any CPU
		{BCC73694-7E91-4169-99CF-92AB2F711928}.Debug|Any CPU.Build.0 = Debug|Any CPU
		{BCC73694-7E91-4169-99CF-92AB2F711928}.Release|Any CPU.ActiveCfg = Release|Any CPU
		{BCC73694-7E91-4169-99CF-92AB2F711928}.Release|Any CPU.Build.0 = Release|Any CPU
		{EC1D250A-EE27-48B9-A9A2-A7E3FE674AC8}.Debug|Any CPU.ActiveCfg = Debug|Any CPU
		{EC1D250A-EE27-48B9-A9A2-A7E3FE674AC8}.Debug|Any CPU.Build.0 = Debug|Any CPU
		{EC1D250A-EE27-48B9-A9A2-A7E3FE674AC8}.Release|Any CPU.ActiveCfg = Release|Any CPU
		{EC1D250A-EE27-48B9-A9A2-A7E3FE674AC8}.Release|Any CPU.Build.0 = Release|Any CPU
		{A83981EF-BE5D-48AC-A8EB-06D04221FDA1}.Debug|Any CPU.ActiveCfg = Debug|Any CPU
		{A83981EF-BE5D-48AC-A8EB-06D04221FDA1}.Debug|Any CPU.Build.0 = Debug|Any CPU
		{A83981EF-BE5D-48AC-A8EB-06D04221FDA1}.Release|Any CPU.ActiveCfg = Release|Any CPU
		{A83981EF-BE5D-48AC-A8EB-06D04221FDA1}.Release|Any CPU.Build.0 = Release|Any CPU
		{7E3B8C3C-7A3C-4B80-BF32-9402CC5915DA}.Debug|Any CPU.ActiveCfg = Debug|Any CPU
		{7E3B8C3C-7A3C-4B80-BF32-9402CC5915DA}.Debug|Any CPU.Build.0 = Debug|Any CPU
		{7E3B8C3C-7A3C-4B80-BF32-9402CC5915DA}.Release|Any CPU.ActiveCfg = Release|Any CPU
		{7E3B8C3C-7A3C-4B80-BF32-9402CC5915DA}.Release|Any CPU.Build.0 = Release|Any CPU
		{FB6F4684-75DF-4C9A-8EAF-2DB74B948D86}.Debug|Any CPU.ActiveCfg = Debug|Any CPU
		{FB6F4684-75DF-4C9A-8EAF-2DB74B948D86}.Debug|Any CPU.Build.0 = Debug|Any CPU
		{FB6F4684-75DF-4C9A-8EAF-2DB74B948D86}.Release|Any CPU.ActiveCfg = Release|Any CPU
		{FB6F4684-75DF-4C9A-8EAF-2DB74B948D86}.Release|Any CPU.Build.0 = Release|Any CPU
		{352FE68F-F943-429A-8BF5-3102405589CC}.Debug|Any CPU.ActiveCfg = Debug|Any CPU
		{352FE68F-F943-429A-8BF5-3102405589CC}.Debug|Any CPU.Build.0 = Debug|Any CPU
		{352FE68F-F943-429A-8BF5-3102405589CC}.Release|Any CPU.ActiveCfg = Release|Any CPU
		{352FE68F-F943-429A-8BF5-3102405589CC}.Release|Any CPU.Build.0 = Release|Any CPU
		{5F4BA6A8-FB0E-4320-BEFD-716D810F59CF}.Debug|Any CPU.ActiveCfg = Debug|Any CPU
		{5F4BA6A8-FB0E-4320-BEFD-716D810F59CF}.Debug|Any CPU.Build.0 = Debug|Any CPU
		{5F4BA6A8-FB0E-4320-BEFD-716D810F59CF}.Release|Any CPU.ActiveCfg = Release|Any CPU
		{5F4BA6A8-FB0E-4320-BEFD-716D810F59CF}.Release|Any CPU.Build.0 = Release|Any CPU
		{557F3FF7-A3B4-4CBE-B65F-9C113C27C64B}.Debug|Any CPU.ActiveCfg = Debug|Any CPU
		{557F3FF7-A3B4-4CBE-B65F-9C113C27C64B}.Debug|Any CPU.Build.0 = Debug|Any CPU
		{557F3FF7-A3B4-4CBE-B65F-9C113C27C64B}.Release|Any CPU.ActiveCfg = Release|Any CPU
		{557F3FF7-A3B4-4CBE-B65F-9C113C27C64B}.Release|Any CPU.Build.0 = Release|Any CPU
	EndGlobalSection
	GlobalSection(SolutionProperties) = preSolution
		HideSolutionNode = FALSE
	EndGlobalSection
	GlobalSection(ExtensibilityGlobals) = postSolution
		SolutionGuid = {A1E9E44A-82C8-4600-8C80-6757C02268CF}
	EndGlobalSection
EndGlobal
