
Microsoft Visual Studio Solution File, Format Version 12.00
# Visual Studio 15
VisualStudioVersion = 15.0.28010.2016
MinimumVisualStudioVersion = 10.0.40219.1
Project("{FAE04EC0-301F-11D3-BF4B-00C04F79EFBC}") = "HW02_B1", "HW02_B1\HW02_B1.csproj", "{397BB54B-024D-41FF-89D2-51073007FD16}"
EndProject
Global
	GlobalSection(SolutionConfigurationPlatforms) = preSolution
		Debug|Any CPU = Debug|Any CPU
		Release|Any CPU = Release|Any CPU
	EndGlobalSection
	GlobalSection(ProjectConfigurationPlatforms) = postSolution
		{397BB54B-024D-41FF-89D2-51073007FD16}.Debug|Any CPU.ActiveCfg = Debug|Any CPU
		{397BB54B-024D-41FF-89D2-51073007FD16}.Debug|Any CPU.Build.0 = Debug|Any CPU
		{397BB54B-024D-41FF-89D2-51073007FD16}.Release|Any CPU.ActiveCfg = Release|Any CPU
		{397BB54B-024D-41FF-89D2-51073007FD16}.Release|Any CPU.Build.0 = Release|Any CPU
	EndGlobalSection
	GlobalSection(SolutionProperties) = preSolution
		HideSolutionNode = FALSE
	EndGlobalSection
	GlobalSection(ExtensibilityGlobals) = postSolution
		SolutionGuid = {A763F9E3-596F-4C24-92D1-C9BA2A491FD9}
	EndGlobalSection
EndGlobal
