
Microsoft Visual Studio Solution File, Format Version 12.00
# Visual Studio 15
VisualStudioVersion = 15.0.28010.2016
MinimumVisualStudioVersion = 10.0.40219.1
Project("{FAE04EC0-301F-11D3-BF4B-00C04F79EFBC}") = "HW05", "HW05\HW05.csproj", "{8554A739-BEA3-44A9-8A21-B10AC48C47F2}"
EndProject
Project("{FAE04EC0-301F-11D3-BF4B-00C04F79EFBC}") = "HW05_C.1", "HW05_C.1\HW05_C.1.csproj", "{8898B88F-3D8A-4414-B16D-C70907B02748}"
EndProject
Project("{FAE04EC0-301F-11D3-BF4B-00C04F79EFBC}") = "HW05_C.2", "HW05_C.2\HW05_C.2.csproj", "{376FF2C5-3B1D-493C-B7F7-66A3E5848F24}"
EndProject
Project("{FAE04EC0-301F-11D3-BF4B-00C04F79EFBC}") = "HW05_C.5", "HW05_C.5\HW05_C.5.csproj", "{D84816CA-C498-4080-B3FF-59E58A449113}"
EndProject
Project("{FAE04EC0-301F-11D3-BF4B-00C04F79EFBC}") = "HW05_B", "HW05_B\HW05_B.csproj", "{D8D7BBA6-EE17-42EE-8827-367B8AB11940}"
EndProject
Project("{FAE04EC0-301F-11D3-BF4B-00C04F79EFBC}") = "HW05_C.3", "HW05_C.3\HW05_C.3.csproj", "{E0482C7E-1DB8-4F0D-9265-2FA4C8269694}"
EndProject
Project("{FAE04EC0-301F-11D3-BF4B-00C04F79EFBC}") = "HW05_C.4", "HW05_C.4\HW05_C.4.csproj", "{2233EC51-CB97-480B-81E5-AFFA926906D8}"
EndProject
Global
	GlobalSection(SolutionConfigurationPlatforms) = preSolution
		Debug|Any CPU = Debug|Any CPU
		Release|Any CPU = Release|Any CPU
	EndGlobalSection
	GlobalSection(ProjectConfigurationPlatforms) = postSolution
		{8554A739-BEA3-44A9-8A21-B10AC48C47F2}.Debug|Any CPU.ActiveCfg = Debug|Any CPU
		{8554A739-BEA3-44A9-8A21-B10AC48C47F2}.Debug|Any CPU.Build.0 = Debug|Any CPU
		{8554A739-BEA3-44A9-8A21-B10AC48C47F2}.Release|Any CPU.ActiveCfg = Release|Any CPU
		{8554A739-BEA3-44A9-8A21-B10AC48C47F2}.Release|Any CPU.Build.0 = Release|Any CPU
		{8898B88F-3D8A-4414-B16D-C70907B02748}.Debug|Any CPU.ActiveCfg = Debug|Any CPU
		{8898B88F-3D8A-4414-B16D-C70907B02748}.Debug|Any CPU.Build.0 = Debug|Any CPU
		{8898B88F-3D8A-4414-B16D-C70907B02748}.Release|Any CPU.ActiveCfg = Release|Any CPU
		{8898B88F-3D8A-4414-B16D-C70907B02748}.Release|Any CPU.Build.0 = Release|Any CPU
		{376FF2C5-3B1D-493C-B7F7-66A3E5848F24}.Debug|Any CPU.ActiveCfg = Debug|Any CPU
		{376FF2C5-3B1D-493C-B7F7-66A3E5848F24}.Debug|Any CPU.Build.0 = Debug|Any CPU
		{376FF2C5-3B1D-493C-B7F7-66A3E5848F24}.Release|Any CPU.ActiveCfg = Release|Any CPU
		{376FF2C5-3B1D-493C-B7F7-66A3E5848F24}.Release|Any CPU.Build.0 = Release|Any CPU
		{D84816CA-C498-4080-B3FF-59E58A449113}.Debug|Any CPU.ActiveCfg = Debug|Any CPU
		{D84816CA-C498-4080-B3FF-59E58A449113}.Debug|Any CPU.Build.0 = Debug|Any CPU
		{D84816CA-C498-4080-B3FF-59E58A449113}.Release|Any CPU.ActiveCfg = Release|Any CPU
		{D84816CA-C498-4080-B3FF-59E58A449113}.Release|Any CPU.Build.0 = Release|Any CPU
		{D8D7BBA6-EE17-42EE-8827-367B8AB11940}.Debug|Any CPU.ActiveCfg = Debug|Any CPU
		{D8D7BBA6-EE17-42EE-8827-367B8AB11940}.Debug|Any CPU.Build.0 = Debug|Any CPU
		{D8D7BBA6-EE17-42EE-8827-367B8AB11940}.Release|Any CPU.ActiveCfg = Release|Any CPU
		{D8D7BBA6-EE17-42EE-8827-367B8AB11940}.Release|Any CPU.Build.0 = Release|Any CPU
		{E0482C7E-1DB8-4F0D-9265-2FA4C8269694}.Debug|Any CPU.ActiveCfg = Debug|Any CPU
		{E0482C7E-1DB8-4F0D-9265-2FA4C8269694}.Debug|Any CPU.Build.0 = Debug|Any CPU
		{E0482C7E-1DB8-4F0D-9265-2FA4C8269694}.Release|Any CPU.ActiveCfg = Release|Any CPU
		{E0482C7E-1DB8-4F0D-9265-2FA4C8269694}.Release|Any CPU.Build.0 = Release|Any CPU
		{2233EC51-CB97-480B-81E5-AFFA926906D8}.Debug|Any CPU.ActiveCfg = Debug|Any CPU
		{2233EC51-CB97-480B-81E5-AFFA926906D8}.Debug|Any CPU.Build.0 = Debug|Any CPU
		{2233EC51-CB97-480B-81E5-AFFA926906D8}.Release|Any CPU.ActiveCfg = Release|Any CPU
		{2233EC51-CB97-480B-81E5-AFFA926906D8}.Release|Any CPU.Build.0 = Release|Any CPU
	EndGlobalSection
	GlobalSection(SolutionProperties) = preSolution
		HideSolutionNode = FALSE
	EndGlobalSection
	GlobalSection(ExtensibilityGlobals) = postSolution
		SolutionGuid = {0DA3FC79-E9A6-47D7-A296-38825544F941}
	EndGlobalSection
EndGlobal
