
Microsoft Visual Studio Solution File, Format Version 12.00
# Visual Studio 15
VisualStudioVersion = 15.0.28010.2016
MinimumVisualStudioVersion = 10.0.40219.1
Project("{FAE04EC0-301F-11D3-BF4B-00C04F79EFBC}") = "HW03", "HW03\HW03.csproj", "{46DCC37F-2DFE-4FF3-A75F-CEFECB13518A}"
EndProject
Project("{FAE04EC0-301F-11D3-BF4B-00C04F79EFBC}") = "HW03_B1", "HW03_B1\HW03_B1.csproj", "{61D72B2D-EAC9-4AE4-9901-9AFA3F2C46DB}"
EndProject
Project("{FAE04EC0-301F-11D3-BF4B-00C04F79EFBC}") = "HW03_B2", "HW03_B2\HW03_B2.csproj", "{2BAF15EF-362E-4A4B-B836-32E42A1A061B}"
EndProject
Project("{FAE04EC0-301F-11D3-BF4B-00C04F79EFBC}") = "HW03_B3", "HW03_B3\HW03_B3.csproj", "{66A2068B-059E-4E53-AA9A-619133CE2D4D}"
EndProject
Project("{FAE04EC0-301F-11D3-BF4B-00C04F79EFBC}") = "HW03_B4", "HW03_B4\HW03_B4.csproj", "{A0E78AA6-8E22-4C40-B987-D3B1263FAE0A}"
EndProject
Project("{FAE04EC0-301F-11D3-BF4B-00C04F79EFBC}") = "HW03_B5", "HW03_B5\HW03_B5.csproj", "{AC6F3333-F37E-4A81-9742-FA3207050078}"
EndProject
Project("{FAE04EC0-301F-11D3-BF4B-00C04F79EFBC}") = "HW03_B6", "HW03_B6\HW03_B6.csproj", "{727311A7-7B46-412A-A89A-3D76EF944BB2}"
EndProject
Project("{FAE04EC0-301F-11D3-BF4B-00C04F79EFBC}") = "HW03_B7", "HW03_B7\HW03_B7.csproj", "{FDE860FA-5316-4F98-BB3B-43F6D270C15E}"
EndProject
Project("{FAE04EC0-301F-11D3-BF4B-00C04F79EFBC}") = "HW03_B8", "HW03_B8\HW03_B8.csproj", "{738A857F-848F-4078-9E46-490F90676F12}"
EndProject
Project("{FAE04EC0-301F-11D3-BF4B-00C04F79EFBC}") = "HW03_C10", "HW03_C10\HW03_C10.csproj", "{2FD4D7EE-9B21-4D27-9D20-1989B91F4B18}"
EndProject
Project("{FAE04EC0-301F-11D3-BF4B-00C04F79EFBC}") = "HW03_C11", "HW03_C11\HW03_C11.csproj", "{909E2F5D-E93D-44C9-A90B-51BD256CC2B5}"
EndProject
Project("{FAE04EC0-301F-11D3-BF4B-00C04F79EFBC}") = "HW03_C12", "HW03_C12\HW03_C12.csproj", "{88EB3573-CF4D-4181-8F80-84F25D5CF476}"
EndProject
Project("{FAE04EC0-301F-11D3-BF4B-00C04F79EFBC}") = "HW03_C15", "HW03_C15\HW03_C15.csproj", "{83774108-8673-49CC-8F27-B418F5FAEDF4}"
EndProject
Global
	GlobalSection(SolutionConfigurationPlatforms) = preSolution
		Debug|Any CPU = Debug|Any CPU
		Release|Any CPU = Release|Any CPU
	EndGlobalSection
	GlobalSection(ProjectConfigurationPlatforms) = postSolution
		{46DCC37F-2DFE-4FF3-A75F-CEFECB13518A}.Debug|Any CPU.ActiveCfg = Debug|Any CPU
		{46DCC37F-2DFE-4FF3-A75F-CEFECB13518A}.Debug|Any CPU.Build.0 = Debug|Any CPU
		{46DCC37F-2DFE-4FF3-A75F-CEFECB13518A}.Release|Any CPU.ActiveCfg = Release|Any CPU
		{46DCC37F-2DFE-4FF3-A75F-CEFECB13518A}.Release|Any CPU.Build.0 = Release|Any CPU
		{61D72B2D-EAC9-4AE4-9901-9AFA3F2C46DB}.Debug|Any CPU.ActiveCfg = Debug|Any CPU
		{61D72B2D-EAC9-4AE4-9901-9AFA3F2C46DB}.Debug|Any CPU.Build.0 = Debug|Any CPU
		{61D72B2D-EAC9-4AE4-9901-9AFA3F2C46DB}.Release|Any CPU.ActiveCfg = Release|Any CPU
		{61D72B2D-EAC9-4AE4-9901-9AFA3F2C46DB}.Release|Any CPU.Build.0 = Release|Any CPU
		{2BAF15EF-362E-4A4B-B836-32E42A1A061B}.Debug|Any CPU.ActiveCfg = Debug|Any CPU
		{2BAF15EF-362E-4A4B-B836-32E42A1A061B}.Debug|Any CPU.Build.0 = Debug|Any CPU
		{2BAF15EF-362E-4A4B-B836-32E42A1A061B}.Release|Any CPU.ActiveCfg = Release|Any CPU
		{2BAF15EF-362E-4A4B-B836-32E42A1A061B}.Release|Any CPU.Build.0 = Release|Any CPU
		{66A2068B-059E-4E53-AA9A-619133CE2D4D}.Debug|Any CPU.ActiveCfg = Debug|Any CPU
		{66A2068B-059E-4E53-AA9A-619133CE2D4D}.Debug|Any CPU.Build.0 = Debug|Any CPU
		{66A2068B-059E-4E53-AA9A-619133CE2D4D}.Release|Any CPU.ActiveCfg = Release|Any CPU
		{66A2068B-059E-4E53-AA9A-619133CE2D4D}.Release|Any CPU.Build.0 = Release|Any CPU
		{A0E78AA6-8E22-4C40-B987-D3B1263FAE0A}.Debug|Any CPU.ActiveCfg = Debug|Any CPU
		{A0E78AA6-8E22-4C40-B987-D3B1263FAE0A}.Debug|Any CPU.Build.0 = Debug|Any CPU
		{A0E78AA6-8E22-4C40-B987-D3B1263FAE0A}.Release|Any CPU.ActiveCfg = Release|Any CPU
		{A0E78AA6-8E22-4C40-B987-D3B1263FAE0A}.Release|Any CPU.Build.0 = Release|Any CPU
		{AC6F3333-F37E-4A81-9742-FA3207050078}.Debug|Any CPU.ActiveCfg = Debug|Any CPU
		{AC6F3333-F37E-4A81-9742-FA3207050078}.Debug|Any CPU.Build.0 = Debug|Any CPU
		{AC6F3333-F37E-4A81-9742-FA3207050078}.Release|Any CPU.ActiveCfg = Release|Any CPU
		{AC6F3333-F37E-4A81-9742-FA3207050078}.Release|Any CPU.Build.0 = Release|Any CPU
		{727311A7-7B46-412A-A89A-3D76EF944BB2}.Debug|Any CPU.ActiveCfg = Debug|Any CPU
		{727311A7-7B46-412A-A89A-3D76EF944BB2}.Debug|Any CPU.Build.0 = Debug|Any CPU
		{727311A7-7B46-412A-A89A-3D76EF944BB2}.Release|Any CPU.ActiveCfg = Release|Any CPU
		{727311A7-7B46-412A-A89A-3D76EF944BB2}.Release|Any CPU.Build.0 = Release|Any CPU
		{FDE860FA-5316-4F98-BB3B-43F6D270C15E}.Debug|Any CPU.ActiveCfg = Debug|Any CPU
		{FDE860FA-5316-4F98-BB3B-43F6D270C15E}.Debug|Any CPU.Build.0 = Debug|Any CPU
		{FDE860FA-5316-4F98-BB3B-43F6D270C15E}.Release|Any CPU.ActiveCfg = Release|Any CPU
		{FDE860FA-5316-4F98-BB3B-43F6D270C15E}.Release|Any CPU.Build.0 = Release|Any CPU
		{738A857F-848F-4078-9E46-490F90676F12}.Debug|Any CPU.ActiveCfg = Debug|Any CPU
		{738A857F-848F-4078-9E46-490F90676F12}.Debug|Any CPU.Build.0 = Debug|Any CPU
		{738A857F-848F-4078-9E46-490F90676F12}.Release|Any CPU.ActiveCfg = Release|Any CPU
		{738A857F-848F-4078-9E46-490F90676F12}.Release|Any CPU.Build.0 = Release|Any CPU
		{2FD4D7EE-9B21-4D27-9D20-1989B91F4B18}.Debug|Any CPU.ActiveCfg = Debug|Any CPU
		{2FD4D7EE-9B21-4D27-9D20-1989B91F4B18}.Debug|Any CPU.Build.0 = Debug|Any CPU
		{2FD4D7EE-9B21-4D27-9D20-1989B91F4B18}.Release|Any CPU.ActiveCfg = Release|Any CPU
		{2FD4D7EE-9B21-4D27-9D20-1989B91F4B18}.Release|Any CPU.Build.0 = Release|Any CPU
		{909E2F5D-E93D-44C9-A90B-51BD256CC2B5}.Debug|Any CPU.ActiveCfg = Debug|Any CPU
		{909E2F5D-E93D-44C9-A90B-51BD256CC2B5}.Debug|Any CPU.Build.0 = Debug|Any CPU
		{909E2F5D-E93D-44C9-A90B-51BD256CC2B5}.Release|Any CPU.ActiveCfg = Release|Any CPU
		{909E2F5D-E93D-44C9-A90B-51BD256CC2B5}.Release|Any CPU.Build.0 = Release|Any CPU
		{88EB3573-CF4D-4181-8F80-84F25D5CF476}.Debug|Any CPU.ActiveCfg = Debug|Any CPU
		{88EB3573-CF4D-4181-8F80-84F25D5CF476}.Debug|Any CPU.Build.0 = Debug|Any CPU
		{88EB3573-CF4D-4181-8F80-84F25D5CF476}.Release|Any CPU.ActiveCfg = Release|Any CPU
		{88EB3573-CF4D-4181-8F80-84F25D5CF476}.Release|Any CPU.Build.0 = Release|Any CPU
		{83774108-8673-49CC-8F27-B418F5FAEDF4}.Debug|Any CPU.ActiveCfg = Debug|Any CPU
		{83774108-8673-49CC-8F27-B418F5FAEDF4}.Debug|Any CPU.Build.0 = Debug|Any CPU
		{83774108-8673-49CC-8F27-B418F5FAEDF4}.Release|Any CPU.ActiveCfg = Release|Any CPU
		{83774108-8673-49CC-8F27-B418F5FAEDF4}.Release|Any CPU.Build.0 = Release|Any CPU
	EndGlobalSection
	GlobalSection(SolutionProperties) = preSolution
		HideSolutionNode = FALSE
	EndGlobalSection
	GlobalSection(ExtensibilityGlobals) = postSolution
		SolutionGuid = {DC06E7A4-79F2-4E9F-A04E-B63C6697E422}
	EndGlobalSection
EndGlobal
